// !$*UTF8*$!
{
	archiveVersion = 1;
	classes = {
	};
	objectVersion = 46;
	objects = {

/* Begin PBXBuildFile section */
		BEA750B31D21322B00519816 /* AppDelegate.swift in Sources */ = {isa = PBXBuildFile; fileRef = BEA750B21D21322B00519816 /* AppDelegate.swift */; };
		BEA750B51D21322B00519816 /* ViewController.swift in Sources */ = {isa = PBXBuildFile; fileRef = BEA750B41D21322B00519816 /* ViewController.swift */; };
		BEA750B81D21322B00519816 /* Main.storyboard in Resources */ = {isa = PBXBuildFile; fileRef = BEA750B61D21322B00519816 /* Main.storyboard */; };
		BEA750BB1D21322B00519816 /* LetsMovie.xcdatamodeld in Sources */ = {isa = PBXBuildFile; fileRef = BEA750B91D21322B00519816 /* LetsMovie.xcdatamodeld */; };
		BEA750BD1D21322B00519816 /* Assets.xcassets in Resources */ = {isa = PBXBuildFile; fileRef = BEA750BC1D21322B00519816 /* Assets.xcassets */; };
		BEA750C01D21322B00519816 /* LaunchScreen.storyboard in Resources */ = {isa = PBXBuildFile; fileRef = BEA750BE1D21322B00519816 /* LaunchScreen.storyboard */; };
/* End PBXBuildFile section */

/* Begin PBXFileReference section */
		BEA750AF1D21322A00519816 /* LetsMovie.app */ = {isa = PBXFileReference; explicitFileType = wrapper.application; includeInIndex = 0; path = LetsMovie.app; sourceTree = BUILT_PRODUCTS_DIR; };
		BEA750B21D21322B00519816 /* AppDelegate.swift */ = {isa = PBXFileReference; lastKnownFileType = sourcecode.swift; path = AppDelegate.swift; sourceTree = "<group>"; };
		BEA750B41D21322B00519816 /* ViewController.swift */ = {isa = PBXFileReference; lastKnownFileType = sourcecode.swift; path = ViewController.swift; sourceTree = "<group>"; };
		BEA750B71D21322B00519816 /* Base */ = {isa = PBXFileReference; lastKnownFileType = file.storyboard; name = Base; path = Base.lproj/Main.storyboard; sourceTree = "<group>"; };
		BEA750BA1D21322B00519816 /* LetsMovie.xcdatamodel */ = {isa = PBXFileReference; lastKnownFileType = wrapper.xcdatamodel; path = LetsMovie.xcdatamodel; sourceTree = "<group>"; };
		BEA750BC1D21322B00519816 /* Assets.xcassets */ = {isa = PBXFileReference; lastKnownFileType = folder.assetcatalog; path = Assets.xcassets; sourceTree = "<group>"; };
		BEA750BF1D21322B00519816 /* Base */ = {isa = PBXFileReference; lastKnownFileType = file.storyboard; name = Base; path = Base.lproj/LaunchScreen.storyboard; sourceTree = "<group>"; };
		BEA750C11D21322B00519816 /* Info.plist */ = {isa = PBXFileReference; lastKnownFileType = text.plist.xml; path = Info.plist; sourceTree = "<group>"; };
/* End PBXFileReference section */

/* Begin PBXFrameworksBuildPhase section */
		BEA750AC1D21322A00519816 /* Frameworks */ = {
			isa = PBXFrameworksBuildPhase;
			buildActionMask = 2147483647;
			files = (
			);
			runOnlyForDeploymentPostprocessing = 0;
		};
/* End PBXFrameworksBuildPhase section */

/* Begin PBXGroup section */
		BEA750A61D21322A00519816 = {
			isa = PBXGroup;
			children = (
				BEA750B11D21322B00519816 /* LetsMovie */,
				BEA750B01D21322A00519816 /* Products */,
			);
			sourceTree = "<group>";
		};
		BEA750B01D21322A00519816 /* Products */ = {
			isa = PBXGroup;
			children = (
				BEA750AF1D21322A00519816 /* LetsMovie.app */,
			);
			name = Products;
			sourceTree = "<group>";
		};
		BEA750B11D21322B00519816 /* LetsMovie */ = {
			isa = PBXGroup;
			children = (
				BEA750B21D21322B00519816 /* AppDelegate.swift */,
				BEA750B41D21322B00519816 /* ViewController.swift */,
				BEA750B61D21322B00519816 /* Main.storyboard */,
				BEA750BC1D21322B00519816 /* Assets.xcassets */,
				BEA750BE1D21322B00519816 /* LaunchScreen.storyboard */,
				BEA750C11D21322B00519816 /* Info.plist */,
				BEA750B91D21322B00519816 /* LetsMovie.xcdatamodeld */,
			);
			path = LetsMovie;
			sourceTree = "<group>";
		};
/* End PBXGroup section */

/* Begin PBXNativeTarget section */
		BEA750AE1D21322A00519816 /* LetsMovie */ = {
			isa = PBXNativeTarget;
			buildConfigurationList = BEA750C41D21322B00519816 /* Build configuration list for PBXNativeTarget "LetsMovie" */;
			buildPhases = (
				BEA750AB1D21322A00519816 /* Sources */,
				BEA750AC1D21322A00519816 /* Frameworks */,
				BEA750AD1D21322A00519816 /* Resources */,
			);
			buildRules = (
			);
			dependencies = (
			);
			name = LetsMovie;
			productName = LetsMovie;
			productReference = BEA750AF1D21322A00519816 /* LetsMovie.app */;
			productType = "com.apple.product-type.application";
		};
/* End PBXNativeTarget section */

/* Begin PBXProject section */
		BEA750A71D21322A00519816 /* Project object */ = {
			isa = PBXProject;
			attributes = {
				LastSwiftUpdateCheck = 0730;
				LastUpgradeCheck = 0730;
				ORGANIZATIONNAME = appcoda;
				TargetAttributes = {
					BEA750AE1D21322A00519816 = {
						CreatedOnToolsVersion = 7.3;
						DevelopmentTeam = 9BA88JSJBC;
					};
				};
			};
			buildConfigurationList = BEA750AA1D21322A00519816 /* Build configuration list for PBXProject "LetsMovie" */;
			compatibilityVersion = "Xcode 3.2";
			developmentRegion = English;
			hasScannedForEncodings = 0;
			knownRegions = (
				en,
				Base,
			);
			mainGroup = BEA750A61D21322A00519816;
			productRefGroup = BEA750B01D21322A00519816 /* Products */;
			projectDirPath = "";
			projectRoot = "";
			targets = (
				BEA750AE1D21322A00519816 /* LetsMovie */,
			);
		};
/* End PBXProject section */

/* Begin PBXResourcesBuildPhase section */
		BEA750AD1D21322A00519816 /* Resources */ = {
			isa = PBXResourcesBuildPhase;
			buildActionMask = 2147483647;
			files = (
				BEA750C01D21322B00519816 /* LaunchScreen.storyboard in Resources */,
				BEA750BD1D21322B00519816 /* Assets.xcassets in Resources */,
				BEA750B81D21322B00519816 /* Main.storyboard in Resources */,
			);
			runOnlyForDeploymentPostprocessing = 0;
		};
/* End PBXResourcesBuildPhase section */

/* Begin PBXSourcesBuildPhase section */
		BEA750AB1D21322A00519816 /* Sources */ = {
			isa = PBXSourcesBuildPhase;
			buildActionMask = 2147483647;
			files = (
				BEA750B51D21322B00519816 /* ViewController.swift in Sources */,
				BEA750B31D21322B00519816 /* AppDelegate.swift in Sources */,
				BEA750BB1D21322B00519816 /* LetsMovie.xcdatamodeld in Sources */,
			);
			runOnlyForDeploymentPostprocessing = 0;
		};
/* End PBXSourcesBuildPhase section */

/* Begin PBXVariantGroup section */
		BEA750B61D21322B00519816 /* Main.storyboard */ = {
			isa = PBXVariantGroup;
			children = (
				BEA750B71D21322B00519816 /* Base */,
			);
			name = Main.storyboard;
			sourceTree = "<group>";
		};
		BEA750BE1D21322B00519816 /* LaunchScreen.storyboard */ = {
			isa = PBXVariantGroup;
			children = (
				BEA750BF1D21322B00519816 /* Base */,
			);
			name = LaunchScreen.storyboard;
			sourceTree = "<group>";
		};
/* End PBXVariantGroup section */

/* Begin XCBuildConfiguration section */
		BEA750C21D21322B00519816 /* Debug */ = {
			isa = XCBuildConfiguration;
			buildSettings = {
				ALWAYS_SEARCH_USER_PATHS = NO;
				CLANG_ANALYZER_NONNULL = YES;
				CLANG_CXX_LANGUAGE_STANDARD = "gnu++0x";
				CLANG_CXX_LIBRARY = "libc++";
				CLANG_ENABLE_MODULES = YES;
				CLANG_ENABLE_OBJC_ARC = YES;
				CLANG_WARN_BOOL_CONVERSION = YES;
				CLANG_WARN_CONSTANT_CONVERSION = YES;
				CLANG_WARN_DIRECT_OBJC_ISA_USAGE = YES_ERROR;
				CLANG_WARN_EMPTY_BODY = YES;
				CLANG_WARN_ENUM_CONVERSION = YES;
				CLANG_WARN_INT_CONVERSION = YES;
				CLANG_WARN_OBJC_ROOT_CLASS = YES_ERROR;
				CLANG_WARN_UNREACHABLE_CODE = YES;
				CLANG_WARN__DUPLICATE_METHOD_MATCH = YES;
				"CODE_SIGN_IDENTITY[sdk=iphoneos*]" = "iPhone Developer";
				COPY_PHASE_STRIP = NO;
				DEBUG_INFORMATION_FORMAT = dwarf;
				ENABLE_STRICT_OBJC_MSGSEND = YES;
				ENABLE_TESTABILITY = YES;
				GCC_C_LANGUAGE_STANDARD = gnu99;
				GCC_DYNAMIC_NO_PIC = NO;
				GCC_NO_COMMON_BLOCKS = YES;
				GCC_OPTIMIZATION_LEVEL = 0;
				GCC_PREPROCESSOR_DEFINITIONS = (
					"DEBUG=1",
					"$(inherited)",
				);
				GCC_WARN_64_TO_32_BIT_CONVERSION = YES;
				GCC_WARN_ABOUT_RETURN_TYPE = YES_ERROR;
				GCC_WARN_UNDECLARED_SELECTOR = YES;
				GCC_WARN_UNINITIALIZED_AUTOS = YES_AGGRESSIVE;
				GCC_WARN_UNUSED_FUNCTION = YES;
				GCC_WARN_UNUSED_VARIABLE = YES;
				IPHONEOS_DEPLOYMENT_TARGET = 9.3;
				MTL_ENABLE_DEBUG_INFO = YES;
				ONLY_ACTIVE_ARCH = YES;
				SDKROOT = iphoneos;
				SWIFT_OPTIMIZATION_LEVEL = "-Onone";
			};
			name = Debug;
		};
		BEA750C31D21322B00519816 /* Release */ = {
			isa = XCBuildConfiguration;
			buildSettings = {
				ALWAYS_SEARCH_USER_PATHS = NO;
				CLANG_ANALYZER_NONNULL = YES;
				CLANG_CXX_LANGUAGE_STANDARD = "gnu++0x";
				CLANG_CXX_LIBRARY = "libc++";
				CLANG_ENABLE_MODULES = YES;
				CLANG_ENABLE_OBJC_ARC = YES;
				CLANG_WARN_BOOL_CONVERSION = YES;
				CLANG_WARN_CONSTANT_CONVERSION = YES;
				CLANG_WARN_DIRECT_OBJC_ISA_USAGE = YES_ERROR;
				CLANG_WARN_EMPTY_BODY = YES;
				CLANG_WARN_ENUM_CONVERSION = YES;
				CLANG_WARN_INT_CONVERSION = YES;
				CLANG_WARN_OBJC_ROOT_CLASS = YES_ERROR;
				CLANG_WARN_UNREACHABLE_CODE = YES;
				CLANG_WARN__DUPLICATE_METHOD_MATCH = YES;
				"CODE_SIGN_IDENTITY[sdk=iphoneos*]" = "iPhone Developer";
				COPY_PHASE_STRIP = NO;
				DEBUG_INFORMATION_FORMAT = "dwarf-with-dsym";
				ENABLE_NS_ASSERTIONS = NO;
				ENABLE_STRICT_OBJC_MSGSEND = YES;
				GCC_C_LANGUAGE_STANDARD = gnu99;
				GCC_NO_COMMON_BLOCKS = YES;
				GCC_WARN_64_TO_32_BIT_CONVERSION = YES;
				GCC_WARN_ABOUT_RETURN_TYPE = YES_ERROR;
				GCC_WARN_UNDECLARED_SELECTOR = YES;
				GCC_WARN_UNINITIALIZED_AUTOS = YES_AGGRESSIVE;
				GCC_WARN_UNUSED_FUNCTION = YES;
				GCC_WARN_UNUSED_VARIABLE = YES;
				IPHONEOS_DEPLOYMENT_TARGET = 9.3;
				MTL_ENABLE_DEBUG_INFO = NO;
				SDKROOT = iphoneos;
				VALIDATE_PRODUCT = YES;
			};
			name = Release;
		};
		BEA750C51D21322B00519816 /* Debug */ = {
			isa = XCBuildConfiguration;
			buildSettings = {
				ASSETCATALOG_COMPILER_APPICON_NAME = AppIcon;
				CODE_SIGN_IDENTITY = "iPhone Developer";
				INFOPLIST_FILE = LetsMovie/Info.plist;
				LD_RUNPATH_SEARCH_PATHS = "$(inherited) @executable_path/Frameworks";
				PRODUCT_BUNDLE_IDENTIFIER = com.appcoda.LetsMovie;
				PRODUCT_NAME = "$(TARGET_NAME)";
			};
			name = Debug;
		};
		BEA750C61D21322B00519816 /* Release */ = {
			isa = XCBuildConfiguration;
			buildSettings = {
				ASSETCATALOG_COMPILER_APPICON_NAME = AppIcon;
				CODE_SIGN_IDENTITY = "iPhone Developer";
				INFOPLIST_FILE = LetsMovie/Info.plist;
				LD_RUNPATH_SEARCH_PATHS = "$(inherited) @executable_path/Frameworks";
				PRODUCT_BUNDLE_IDENTIFIER = com.appcoda.LetsMovie;
				PRODUCT_NAME = "$(TARGET_NAME)";
			};
			name = Release;
		};
/* End XCBuildConfiguration section */

/* Begin XCConfigurationList section */
		BEA750AA1D21322A00519816 /* Build configuration list for PBXProject "LetsMovie" */ = {
			isa = XCConfigurationList;
			buildConfigurations = (
				BEA750C21D21322B00519816 /* Debug */,
				BEA750C31D21322B00519816 /* Release */,
			);
			defaultConfigurationIsVisible = 0;
			defaultConfigurationName = Release;
		};
		BEA750C41D21322B00519816 /* Build configuration list for PBXNativeTarget "LetsMovie" */ = {
			isa = XCConfigurationList;
			buildConfigurations = (
				BEA750C51D21322B00519816 /* Debug */,
				BEA750C61D21322B00519816 /* Release */,
			);
			defaultConfigurationIsVisible = 0;
			defaultConfigurationName = Release;
		};
/* End XCConfigurationList section */

/* Begin XCVersionGroup section */
		BEA750B91D21322B00519816 /* LetsMovie.xcdatamodeld */ = {
			isa = XCVersionGroup;
			children = (
				BEA750BA1D21322B00519816 /* LetsMovie.xcdatamodel */,
			);
			currentVersion = BEA750BA1D21322B00519816 /* LetsMovie.xcdatamodel */;
			path = LetsMovie.xcdatamodeld;
			sourceTree = "<group>";
			versionGroupType = wrapper.xcdatamodel;
		};
/* End XCVersionGroup section */
	};
	rootObject = BEA750A71D21322A00519816 /* Project object */;
}
